
Microsoft Visual Studio Solution File, Format Version 12.00
# Visual Studio Version 16
VisualStudioVersion = 16.0.31729.503
MinimumVisualStudioVersion = 10.0.40219.1
Project("{9A19103F-16F7-4668-BE54-9A1E7A4F7556}") = "MedicineTracker", "MedicineTracker\MedicineTracker.csproj", "{C5B181A5-5CFB-4A60-934A-35A4B333A4CD}"
EndProject
Project("{FAE04EC0-301F-11D3-BF4B-00C04F79EFBC}") = "MedicineTracker.UnitTests", "MedicineTracker.UnitTests\MedicineTracker.UnitTests.csproj", "{A39C7B35-9C41-41BC-BF72-9CB2028B67A1}"
EndProject
Global
	GlobalSection(SolutionConfigurationPlatforms) = preSolution
		Debug|Any CPU = Debug|Any CPU
		Release|Any CPU = Release|Any CPU
	EndGlobalSection
	GlobalSection(ProjectConfigurationPlatforms) = postSolution
		{C5B181A5-5CFB-4A60-934A-35A4B333A4CD}.Debug|Any CPU.ActiveCfg = Debug|Any CPU
		{C5B181A5-5CFB-4A60-934A-35A4B333A4CD}.Debug|Any CPU.Build.0 = Debug|Any CPU
		{C5B181A5-5CFB-4A60-934A-35A4B333A4CD}.Release|Any CPU.ActiveCfg = Release|Any CPU
		{C5B181A5-5CFB-4A60-934A-35A4B333A4CD}.Release|Any CPU.Build.0 = Release|Any CPU
		{A39C7B35-9C41-41BC-BF72-9CB2028B67A1}.Debug|Any CPU.ActiveCfg = Debug|Any CPU
		{A39C7B35-9C41-41BC-BF72-9CB2028B67A1}.Debug|Any CPU.Build.0 = Debug|Any CPU
		{A39C7B35-9C41-41BC-BF72-9CB2028B67A1}.Release|Any CPU.ActiveCfg = Release|Any CPU
		{A39C7B35-9C41-41BC-BF72-9CB2028B67A1}.Release|Any CPU.Build.0 = Release|Any CPU
	EndGlobalSection
	GlobalSection(SolutionProperties) = preSolution
		HideSolutionNode = FALSE
	EndGlobalSection
	GlobalSection(ExtensibilityGlobals) = postSolution
		SolutionGuid = {FD65DD19-190D-45CC-98DF-36A6D3888EE9}
	EndGlobalSection
EndGlobal
